
Microsoft Visual Studio Solution File, Format Version 12.00
# Visual Studio Version 16
VisualStudioVersion = 16.0.30104.148
MinimumVisualStudioVersion = 10.0.40219.1
Project("{F184B08F-C81C-45F6-A57F-5ABD9991F28F}") = "ImageTestWithDirectXPack", "ImageTestWithDirectXPack\ImageTestWithDirectXPack.vbproj", "{3B42E4F8-7E4C-471D-8F0E-B1225E1CF8C3}"
EndProject
Project("{F184B08F-C81C-45F6-A57F-5ABD9991F28F}") = "SharpDXImageProcessor", "SharpDXImageProcessor\SharpDXImageProcessor.vbproj", "{4DEEEAA6-CE26-4A44-AF80-DD1D4B4BF6B7}"
EndProject
Global
	GlobalSection(SolutionConfigurationPlatforms) = preSolution
		Debug|Any CPU = Debug|Any CPU
		Debug|x64 = Debug|x64
		Debug|x86 = Debug|x86
		Release|Any CPU = Release|Any CPU
		Release|x64 = Release|x64
		Release|x86 = Release|x86
	EndGlobalSection
	GlobalSection(ProjectConfigurationPlatforms) = postSolution
		{3B42E4F8-7E4C-471D-8F0E-B1225E1CF8C3}.Debug|Any CPU.ActiveCfg = Debug|Any CPU
		{3B42E4F8-7E4C-471D-8F0E-B1225E1CF8C3}.Debug|Any CPU.Build.0 = Debug|Any CPU
		{3B42E4F8-7E4C-471D-8F0E-B1225E1CF8C3}.Debug|x64.ActiveCfg = Debug|x64
		{3B42E4F8-7E4C-471D-8F0E-B1225E1CF8C3}.Debug|x64.Build.0 = Debug|x64
		{3B42E4F8-7E4C-471D-8F0E-B1225E1CF8C3}.Debug|x86.ActiveCfg = Debug|x86
		{3B42E4F8-7E4C-471D-8F0E-B1225E1CF8C3}.Debug|x86.Build.0 = Debug|x86
		{3B42E4F8-7E4C-471D-8F0E-B1225E1CF8C3}.Release|Any CPU.ActiveCfg = Release|Any CPU
		{3B42E4F8-7E4C-471D-8F0E-B1225E1CF8C3}.Release|Any CPU.Build.0 = Release|Any CPU
		{3B42E4F8-7E4C-471D-8F0E-B1225E1CF8C3}.Release|x64.ActiveCfg = Release|x64
		{3B42E4F8-7E4C-471D-8F0E-B1225E1CF8C3}.Release|x64.Build.0 = Release|x64
		{3B42E4F8-7E4C-471D-8F0E-B1225E1CF8C3}.Release|x86.ActiveCfg = Release|x86
		{3B42E4F8-7E4C-471D-8F0E-B1225E1CF8C3}.Release|x86.Build.0 = Release|x86
		{4DEEEAA6-CE26-4A44-AF80-DD1D4B4BF6B7}.Debug|Any CPU.ActiveCfg = Debug|Any CPU
		{4DEEEAA6-CE26-4A44-AF80-DD1D4B4BF6B7}.Debug|Any CPU.Build.0 = Debug|Any CPU
		{4DEEEAA6-CE26-4A44-AF80-DD1D4B4BF6B7}.Debug|x64.ActiveCfg = Debug|x64
		{4DEEEAA6-CE26-4A44-AF80-DD1D4B4BF6B7}.Debug|x64.Build.0 = Debug|x64
		{4DEEEAA6-CE26-4A44-AF80-DD1D4B4BF6B7}.Debug|x86.ActiveCfg = Debug|x86
		{4DEEEAA6-CE26-4A44-AF80-DD1D4B4BF6B7}.Debug|x86.Build.0 = Debug|x86
		{4DEEEAA6-CE26-4A44-AF80-DD1D4B4BF6B7}.Release|Any CPU.ActiveCfg = Release|Any CPU
		{4DEEEAA6-CE26-4A44-AF80-DD1D4B4BF6B7}.Release|Any CPU.Build.0 = Release|Any CPU
		{4DEEEAA6-CE26-4A44-AF80-DD1D4B4BF6B7}.Release|x64.ActiveCfg = Release|x64
		{4DEEEAA6-CE26-4A44-AF80-DD1D4B4BF6B7}.Release|x64.Build.0 = Release|x64
		{4DEEEAA6-CE26-4A44-AF80-DD1D4B4BF6B7}.Release|x86.ActiveCfg = Release|x86
		{4DEEEAA6-CE26-4A44-AF80-DD1D4B4BF6B7}.Release|x86.Build.0 = Release|x86
	EndGlobalSection
	GlobalSection(SolutionProperties) = preSolution
		HideSolutionNode = FALSE
	EndGlobalSection
	GlobalSection(ExtensibilityGlobals) = postSolution
		SolutionGuid = {0ECBB9EC-6AF5-439A-BB25-639330B13991}
	EndGlobalSection
EndGlobal
